
Microsoft Visual Studio Solution File, Format Version 12.00
# Visual Studio 14
VisualStudioVersion = 14.0.23107.0
MinimumVisualStudioVersion = 10.0.40219.1
Project("{2150E333-8FDC-42A3-9474-1A3956D46DE8}") = "Engine", "Engine", "{6838AADB-3ECA-46EC-86AE-40EBFB6D2479}"
EndProject
Project("{2150E333-8FDC-42A3-9474-1A3956D46DE8}") = "Games", "Games", "{D2D241D3-9CE6-4FE8-9FE7-8C68A6D9D451}"
EndProject
Project("{8BC9CEB8-8B4A-11D0-8D11-00A0C91BC942}") = "UE4", "Intermediate\ProjectFiles\UE4.vcxproj", "{9D8782A9-48FB-47C4-A830-96682B2CA4A6}"
EndProject
Project("{8BC9CEB8-8B4A-11D0-8D11-00A0C91BC942}") = "VRExpPluginExample", "Intermediate\ProjectFiles\VRExpPluginExample.vcxproj", "{0F7F35FC-9CA7-4580-92BC-B009C4B96DD2}"
EndProject
Global
	GlobalSection(SolutionConfigurationPlatforms) = preSolution
		DebugGame Editor|Android = DebugGame Editor|Android
		DebugGame Editor|HTML5 = DebugGame Editor|HTML5
		DebugGame Editor|IOS = DebugGame Editor|IOS
		DebugGame Editor|TVOS = DebugGame Editor|TVOS
		DebugGame Editor|Win32 = DebugGame Editor|Win32
		DebugGame Editor|Win64 = DebugGame Editor|Win64
		DebugGame|Android = DebugGame|Android
		DebugGame|HTML5 = DebugGame|HTML5
		DebugGame|IOS = DebugGame|IOS
		DebugGame|TVOS = DebugGame|TVOS
		DebugGame|Win32 = DebugGame|Win32
		DebugGame|Win64 = DebugGame|Win64
		Development Editor|Android = Development Editor|Android
		Development Editor|HTML5 = Development Editor|HTML5
		Development Editor|IOS = Development Editor|IOS
		Development Editor|TVOS = Development Editor|TVOS
		Development Editor|Win32 = Development Editor|Win32
		Development Editor|Win64 = Development Editor|Win64
		Development|Android = Development|Android
		Development|HTML5 = Development|HTML5
		Development|IOS = Development|IOS
		Development|TVOS = Development|TVOS
		Development|Win32 = Development|Win32
		Development|Win64 = Development|Win64
		Shipping|Android = Shipping|Android
		Shipping|HTML5 = Shipping|HTML5
		Shipping|IOS = Shipping|IOS
		Shipping|TVOS = Shipping|TVOS
		Shipping|Win32 = Shipping|Win32
		Shipping|Win64 = Shipping|Win64
	EndGlobalSection
	GlobalSection(ProjectConfigurationPlatforms) = postSolution
		{9D8782A9-48FB-47C4-A830-96682B2CA4A6}.DebugGame Editor|Android.ActiveCfg = BuiltWithUnrealBuildTool|Win32
		{9D8782A9-48FB-47C4-A830-96682B2CA4A6}.DebugGame Editor|Android.Build.0 = BuiltWithUnrealBuildTool|Win32
		{9D8782A9-48FB-47C4-A830-96682B2CA4A6}.DebugGame Editor|HTML5.ActiveCfg = BuiltWithUnrealBuildTool|Win32
		{9D8782A9-48FB-47C4-A830-96682B2CA4A6}.DebugGame Editor|HTML5.Build.0 = BuiltWithUnrealBuildTool|Win32
		{9D8782A9-48FB-47C4-A830-96682B2CA4A6}.DebugGame Editor|IOS.ActiveCfg = BuiltWithUnrealBuildTool|Win32
		{9D8782A9-48FB-47C4-A830-96682B2CA4A6}.DebugGame Editor|IOS.Build.0 = BuiltWithUnrealBuildTool|Win32
		{9D8782A9-48FB-47C4-A830-96682B2CA4A6}.DebugGame Editor|TVOS.ActiveCfg = BuiltWithUnrealBuildTool|Win32
		{9D8782A9-48FB-47C4-A830-96682B2CA4A6}.DebugGame Editor|TVOS.Build.0 = BuiltWithUnrealBuildTool|Win32
		{9D8782A9-48FB-47C4-A830-96682B2CA4A6}.DebugGame Editor|Win32.ActiveCfg = BuiltWithUnrealBuildTool|Win32
		{9D8782A9-48FB-47C4-A830-96682B2CA4A6}.DebugGame Editor|Win32.Build.0 = BuiltWithUnrealBuildTool|Win32
		{9D8782A9-48FB-47C4-A830-96682B2CA4A6}.DebugGame Editor|Win64.ActiveCfg = BuiltWithUnrealBuildTool|Win32
		{9D8782A9-48FB-47C4-A830-96682B2CA4A6}.DebugGame Editor|Win64.Build.0 = BuiltWithUnrealBuildTool|Win32
		{9D8782A9-48FB-47C4-A830-96682B2CA4A6}.DebugGame|Android.ActiveCfg = BuiltWithUnrealBuildTool|Win32
		{9D8782A9-48FB-47C4-A830-96682B2CA4A6}.DebugGame|Android.Build.0 = BuiltWithUnrealBuildTool|Win32
		{9D8782A9-48FB-47C4-A830-96682B2CA4A6}.DebugGame|HTML5.ActiveCfg = BuiltWithUnrealBuildTool|Win32
		{9D8782A9-48FB-47C4-A830-96682B2CA4A6}.DebugGame|HTML5.Build.0 = BuiltWithUnrealBuildTool|Win32
		{9D8782A9-48FB-47C4-A830-96682B2CA4A6}.DebugGame|IOS.ActiveCfg = BuiltWithUnrealBuildTool|Win32
		{9D8782A9-48FB-47C4-A830-96682B2CA4A6}.DebugGame|IOS.Build.0 = BuiltWithUnrealBuildTool|Win32
		{9D8782A9-48FB-47C4-A830-96682B2CA4A6}.DebugGame|TVOS.ActiveCfg = BuiltWithUnrealBuildTool|Win32
		{9D8782A9-48FB-47C4-A830-96682B2CA4A6}.DebugGame|TVOS.Build.0 = BuiltWithUnrealBuildTool|Win32
		{9D8782A9-48FB-47C4-A830-96682B2CA4A6}.DebugGame|Win32.ActiveCfg = BuiltWithUnrealBuildTool|Win32
		{9D8782A9-48FB-47C4-A830-96682B2CA4A6}.DebugGame|Win32.Build.0 = BuiltWithUnrealBuildTool|Win32
		{9D8782A9-48FB-47C4-A830-96682B2CA4A6}.DebugGame|Win64.ActiveCfg = BuiltWithUnrealBuildTool|Win32
		{9D8782A9-48FB-47C4-A830-96682B2CA4A6}.DebugGame|Win64.Build.0 = BuiltWithUnrealBuildTool|Win32
		{9D8782A9-48FB-47C4-A830-96682B2CA4A6}.Development Editor|Android.ActiveCfg = BuiltWithUnrealBuildTool|Win32
		{9D8782A9-48FB-47C4-A830-96682B2CA4A6}.Development Editor|Android.Build.0 = BuiltWithUnrealBuildTool|Win32
		{9D8782A9-48FB-47C4-A830-96682B2CA4A6}.Development Editor|HTML5.ActiveCfg = BuiltWithUnrealBuildTool|Win32
		{9D8782A9-48FB-47C4-A830-96682B2CA4A6}.Development Editor|HTML5.Build.0 = BuiltWithUnrealBuildTool|Win32
		{9D8782A9-48FB-47C4-A830-96682B2CA4A6}.Development Editor|IOS.ActiveCfg = BuiltWithUnrealBuildTool|Win32
		{9D8782A9-48FB-47C4-A830-96682B2CA4A6}.Development Editor|IOS.Build.0 = BuiltWithUnrealBuildTool|Win32
		{9D8782A9-48FB-47C4-A830-96682B2CA4A6}.Development Editor|TVOS.ActiveCfg = BuiltWithUnrealBuildTool|Win32
		{9D8782A9-48FB-47C4-A830-96682B2CA4A6}.Development Editor|TVOS.Build.0 = BuiltWithUnrealBuildTool|Win32
		{9D8782A9-48FB-47C4-A830-96682B2CA4A6}.Development Editor|Win32.ActiveCfg = BuiltWithUnrealBuildTool|Win32
		{9D8782A9-48FB-47C4-A830-96682B2CA4A6}.Development Editor|Win32.Build.0 = BuiltWithUnrealBuildTool|Win32
		{9D8782A9-48FB-47C4-A830-96682B2CA4A6}.Development Editor|Win64.ActiveCfg = BuiltWithUnrealBuildTool|Win32
		{9D8782A9-48FB-47C4-A830-96682B2CA4A6}.Development Editor|Win64.Build.0 = BuiltWithUnrealBuildTool|Win32
		{9D8782A9-48FB-47C4-A830-96682B2CA4A6}.Development|Android.ActiveCfg = BuiltWithUnrealBuildTool|Win32
		{9D8782A9-48FB-47C4-A830-96682B2CA4A6}.Development|Android.Build.0 = BuiltWithUnrealBuildTool|Win32
		{9D8782A9-48FB-47C4-A830-96682B2CA4A6}.Development|HTML5.ActiveCfg = BuiltWithUnrealBuildTool|Win32
		{9D8782A9-48FB-47C4-A830-96682B2CA4A6}.Development|HTML5.Build.0 = BuiltWithUnrealBuildTool|Win32
		{9D8782A9-48FB-47C4-A830-96682B2CA4A6}.Development|IOS.ActiveCfg = BuiltWithUnrealBuildTool|Win32
		{9D8782A9-48FB-47C4-A830-96682B2CA4A6}.Development|IOS.Build.0 = BuiltWithUnrealBuildTool|Win32
		{9D8782A9-48FB-47C4-A830-96682B2CA4A6}.Development|TVOS.ActiveCfg = BuiltWithUnrealBuildTool|Win32
		{9D8782A9-48FB-47C4-A830-96682B2CA4A6}.Development|TVOS.Build.0 = BuiltWithUnrealBuildTool|Win32
		{9D8782A9-48FB-47C4-A830-96682B2CA4A6}.Development|Win32.ActiveCfg = BuiltWithUnrealBuildTool|Win32
		{9D8782A9-48FB-47C4-A830-96682B2CA4A6}.Development|Win32.Build.0 = BuiltWithUnrealBuildTool|Win32
		{9D8782A9-48FB-47C4-A830-96682B2CA4A6}.Development|Win64.ActiveCfg = BuiltWithUnrealBuildTool|Win32
		{9D8782A9-48FB-47C4-A830-96682B2CA4A6}.Development|Win64.Build.0 = BuiltWithUnrealBuildTool|Win32
		{9D8782A9-48FB-47C4-A830-96682B2CA4A6}.Shipping|Android.ActiveCfg = BuiltWithUnrealBuildTool|Win32
		{9D8782A9-48FB-47C4-A830-96682B2CA4A6}.Shipping|Android.Build.0 = BuiltWithUnrealBuildTool|Win32
		{9D8782A9-48FB-47C4-A830-96682B2CA4A6}.Shipping|HTML5.ActiveCfg = BuiltWithUnrealBuildTool|Win32
		{9D8782A9-48FB-47C4-A830-96682B2CA4A6}.Shipping|HTML5.Build.0 = BuiltWithUnrealBuildTool|Win32
		{9D8782A9-48FB-47C4-A830-96682B2CA4A6}.Shipping|IOS.ActiveCfg = BuiltWithUnrealBuildTool|Win32
		{9D8782A9-48FB-47C4-A830-96682B2CA4A6}.Shipping|IOS.Build.0 = BuiltWithUnrealBuildTool|Win32
		{9D8782A9-48FB-47C4-A830-96682B2CA4A6}.Shipping|TVOS.ActiveCfg = BuiltWithUnrealBuildTool|Win32
		{9D8782A9-48FB-47C4-A830-96682B2CA4A6}.Shipping|TVOS.Build.0 = BuiltWithUnrealBuildTool|Win32
		{9D8782A9-48FB-47C4-A830-96682B2CA4A6}.Shipping|Win32.ActiveCfg = BuiltWithUnrealBuildTool|Win32
		{9D8782A9-48FB-47C4-A830-96682B2CA4A6}.Shipping|Win32.Build.0 = BuiltWithUnrealBuildTool|Win32
		{9D8782A9-48FB-47C4-A830-96682B2CA4A6}.Shipping|Win64.ActiveCfg = BuiltWithUnrealBuildTool|Win32
		{9D8782A9-48FB-47C4-A830-96682B2CA4A6}.Shipping|Win64.Build.0 = BuiltWithUnrealBuildTool|Win32
		{0F7F35FC-9CA7-4580-92BC-B009C4B96DD2}.DebugGame Editor|Android.ActiveCfg = DebugGame_Editor|Tegra-Android
		{0F7F35FC-9CA7-4580-92BC-B009C4B96DD2}.DebugGame Editor|HTML5.ActiveCfg = HTML5_DebugGame_Editor|Win32
		{0F7F35FC-9CA7-4580-92BC-B009C4B96DD2}.DebugGame Editor|IOS.ActiveCfg = IOS_DebugGame_Editor|Win32
		{0F7F35FC-9CA7-4580-92BC-B009C4B96DD2}.DebugGame Editor|TVOS.ActiveCfg = TVOS_DebugGame_Editor|Win32
		{0F7F35FC-9CA7-4580-92BC-B009C4B96DD2}.DebugGame Editor|Win32.ActiveCfg = DebugGame_Editor|Win32
		{0F7F35FC-9CA7-4580-92BC-B009C4B96DD2}.DebugGame Editor|Win64.ActiveCfg = DebugGame_Editor|x64
		{0F7F35FC-9CA7-4580-92BC-B009C4B96DD2}.DebugGame Editor|Win64.Build.0 = DebugGame_Editor|x64
		{0F7F35FC-9CA7-4580-92BC-B009C4B96DD2}.DebugGame|Android.ActiveCfg = DebugGame_Game|Tegra-Android
		{0F7F35FC-9CA7-4580-92BC-B009C4B96DD2}.DebugGame|Android.Build.0 = DebugGame_Game|Tegra-Android
		{0F7F35FC-9CA7-4580-92BC-B009C4B96DD2}.DebugGame|HTML5.ActiveCfg = HTML5_DebugGame_Game|Win32
		{0F7F35FC-9CA7-4580-92BC-B009C4B96DD2}.DebugGame|HTML5.Build.0 = HTML5_DebugGame_Game|Win32
		{0F7F35FC-9CA7-4580-92BC-B009C4B96DD2}.DebugGame|IOS.ActiveCfg = IOS_DebugGame_Game|Win32
		{0F7F35FC-9CA7-4580-92BC-B009C4B96DD2}.DebugGame|IOS.Build.0 = IOS_DebugGame_Game|Win32
		{0F7F35FC-9CA7-4580-92BC-B009C4B96DD2}.DebugGame|TVOS.ActiveCfg = TVOS_DebugGame_Game|Win32
		{0F7F35FC-9CA7-4580-92BC-B009C4B96DD2}.DebugGame|TVOS.Build.0 = TVOS_DebugGame_Game|Win32
		{0F7F35FC-9CA7-4580-92BC-B009C4B96DD2}.DebugGame|Win32.ActiveCfg = DebugGame_Game|Win32
		{0F7F35FC-9CA7-4580-92BC-B009C4B96DD2}.DebugGame|Win32.Build.0 = DebugGame_Game|Win32
		{0F7F35FC-9CA7-4580-92BC-B009C4B96DD2}.DebugGame|Win64.ActiveCfg = DebugGame_Game|x64
		{0F7F35FC-9CA7-4580-92BC-B009C4B96DD2}.DebugGame|Win64.Build.0 = DebugGame_Game|x64
		{0F7F35FC-9CA7-4580-92BC-B009C4B96DD2}.Development Editor|Android.ActiveCfg = Development_Editor|Tegra-Android
		{0F7F35FC-9CA7-4580-92BC-B009C4B96DD2}.Development Editor|HTML5.ActiveCfg = HTML5_Development_Editor|Win32
		{0F7F35FC-9CA7-4580-92BC-B009C4B96DD2}.Development Editor|IOS.ActiveCfg = IOS_Development_Editor|Win32
		{0F7F35FC-9CA7-4580-92BC-B009C4B96DD2}.Development Editor|TVOS.ActiveCfg = TVOS_Development_Editor|Win32
		{0F7F35FC-9CA7-4580-92BC-B009C4B96DD2}.Development Editor|Win32.ActiveCfg = Development_Editor|Win32
		{0F7F35FC-9CA7-4580-92BC-B009C4B96DD2}.Development Editor|Win64.ActiveCfg = Development_Editor|x64
		{0F7F35FC-9CA7-4580-92BC-B009C4B96DD2}.Development Editor|Win64.Build.0 = Development_Editor|x64
		{0F7F35FC-9CA7-4580-92BC-B009C4B96DD2}.Development|Android.ActiveCfg = Development_Game|Tegra-Android
		{0F7F35FC-9CA7-4580-92BC-B009C4B96DD2}.Development|Android.Build.0 = Development_Game|Tegra-Android
		{0F7F35FC-9CA7-4580-92BC-B009C4B96DD2}.Development|HTML5.ActiveCfg = HTML5_Development_Game|Win32
		{0F7F35FC-9CA7-4580-92BC-B009C4B96DD2}.Development|HTML5.Build.0 = HTML5_Development_Game|Win32
		{0F7F35FC-9CA7-4580-92BC-B009C4B96DD2}.Development|IOS.ActiveCfg = IOS_Development_Game|Win32
		{0F7F35FC-9CA7-4580-92BC-B009C4B96DD2}.Development|IOS.Build.0 = IOS_Development_Game|Win32
		{0F7F35FC-9CA7-4580-92BC-B009C4B96DD2}.Development|TVOS.ActiveCfg = TVOS_Development_Game|Win32
		{0F7F35FC-9CA7-4580-92BC-B009C4B96DD2}.Development|TVOS.Build.0 = TVOS_Development_Game|Win32
		{0F7F35FC-9CA7-4580-92BC-B009C4B96DD2}.Development|Win32.ActiveCfg = Development_Game|Win32
		{0F7F35FC-9CA7-4580-92BC-B009C4B96DD2}.Development|Win32.Build.0 = Development_Game|Win32
		{0F7F35FC-9CA7-4580-92BC-B009C4B96DD2}.Development|Win64.ActiveCfg = Development_Game|x64
		{0F7F35FC-9CA7-4580-92BC-B009C4B96DD2}.Development|Win64.Build.0 = Development_Game|x64
		{0F7F35FC-9CA7-4580-92BC-B009C4B96DD2}.Shipping|Android.ActiveCfg = Shipping_Game|Tegra-Android
		{0F7F35FC-9CA7-4580-92BC-B009C4B96DD2}.Shipping|Android.Build.0 = Shipping_Game|Tegra-Android
		{0F7F35FC-9CA7-4580-92BC-B009C4B96DD2}.Shipping|HTML5.ActiveCfg = HTML5_Shipping_Game|Win32
		{0F7F35FC-9CA7-4580-92BC-B009C4B96DD2}.Shipping|HTML5.Build.0 = HTML5_Shipping_Game|Win32
		{0F7F35FC-9CA7-4580-92BC-B009C4B96DD2}.Shipping|IOS.ActiveCfg = IOS_Shipping_Game|Win32
		{0F7F35FC-9CA7-4580-92BC-B009C4B96DD2}.Shipping|IOS.Build.0 = IOS_Shipping_Game|Win32
		{0F7F35FC-9CA7-4580-92BC-B009C4B96DD2}.Shipping|TVOS.ActiveCfg = TVOS_Shipping_Game|Win32
		{0F7F35FC-9CA7-4580-92BC-B009C4B96DD2}.Shipping|TVOS.Build.0 = TVOS_Shipping_Game|Win32
		{0F7F35FC-9CA7-4580-92BC-B009C4B96DD2}.Shipping|Win32.ActiveCfg = Shipping_Game|Win32
		{0F7F35FC-9CA7-4580-92BC-B009C4B96DD2}.Shipping|Win32.Build.0 = Shipping_Game|Win32
		{0F7F35FC-9CA7-4580-92BC-B009C4B96DD2}.Shipping|Win64.ActiveCfg = Shipping_Game|x64
		{0F7F35FC-9CA7-4580-92BC-B009C4B96DD2}.Shipping|Win64.Build.0 = Shipping_Game|x64
	EndGlobalSection
	GlobalSection(SolutionProperties) = preSolution
		HideSolutionNode = FALSE
	EndGlobalSection
	GlobalSection(NestedProjects) = preSolution
		{9D8782A9-48FB-47C4-A830-96682B2CA4A6} = {6838AADB-3ECA-46EC-86AE-40EBFB6D2479}
		{0F7F35FC-9CA7-4580-92BC-B009C4B96DD2} = {D2D241D3-9CE6-4FE8-9FE7-8C68A6D9D451}
	EndGlobalSection
EndGlobal
